<?xml version="1.0" encoding="UTF-8" standalone="yes" ?>
<CodeBlocks_project_file>
	<FileVersion major="1" minor="6" />
	<Project>
		<Option title="scope-teensy" />
		<Option pch_mode="2" />
		<Option compiler="arm-elf-gcc" />
		<Build>
			<Target title="Debug">
				<Option output="bin/Debug/scope-teensy" prefix_auto="1" extension_auto="1" />
				<Option object_output="obj/Debug/" />
				<Option type="1" />
				<Option compiler="arm-elf-gcc" />
				<Compiler>
					<Add option="-g" />
				</Compiler>
			</Target>
			<Target title="Release">
				<Option output="bin/Release/scope-teensy" prefix_auto="1" extension_auto="1" />
				<Option object_output="obj/Release/" />
				<Option type="1" />
				<Option compiler="arm-elf-gcc" />
				<Compiler>
					<Add option="-O2" />
				</Compiler>
				<Linker>
					<Add option="-s" />
				</Linker>
			</Target>
		</Build>
		<Compiler>
			<Add option="-mthumb" />
			<Add option="-Wall" />
			<Add option="-mcpu=cortex-m4 -fno-common" />
			<Add directory="include" />
		</Compiler>
		<Linker>
			<Add option="-nostdlib -nostartfiles -Tcommon/Teensy31_flash.ld" />
		</Linker>
		<ExtraCommands>
			<Add after="arm-none-eabi-objcopy -R .stack -O ihex $(TARGET_OUTPUT_FILE) $(TARGET_OUTPUT_DIR)$(PROJECT_NAME).hex" />
		</ExtraCommands>
		<Unit filename="common/Teensy31_flash.ld" />
		<Unit filename="common/arm_cm4.c">
			<Option compilerVar="CC" />
		</Unit>
		<Unit filename="common/crt0.s" />
		<Unit filename="common/sysinit.c">
			<Option compilerVar="CC" />
		</Unit>
		<Unit filename="include/MK10D10.h" />
		<Unit filename="include/MK10D5.h" />
		<Unit filename="include/MK10D7.h" />
		<Unit filename="include/MK10DZ10.h" />
		<Unit filename="include/MK10F12.h" />
		<Unit filename="include/MK11D5.h" />
		<Unit filename="include/MK12D5.h" />
		<Unit filename="include/MK20D10.h" />
		<Unit filename="include/MK20D5.h" />
		<Unit filename="include/MK20D7.h" />
		<Unit filename="include/MK20DZ10.h" />
		<Unit filename="include/MK20F12.h" />
		<Unit filename="include/MK21D5.h" />
		<Unit filename="include/MK21F12.h" />
		<Unit filename="include/MK22D5.h" />
		<Unit filename="include/MK22F12.h" />
		<Unit filename="include/MK24F12.h" />
		<Unit filename="include/MK30D10.h" />
		<Unit filename="include/MK30D7.h" />
		<Unit filename="include/MK30DZ10.h" />
		<Unit filename="include/MK40D10.h" />
		<Unit filename="include/MK40D7.h" />
		<Unit filename="include/MK40DZ10.h" />
		<Unit filename="include/MK50D10.h" />
		<Unit filename="include/MK50D7.h" />
		<Unit filename="include/MK50DZ10.h" />
		<Unit filename="include/MK51D10.h" />
		<Unit filename="include/MK51D7.h" />
		<Unit filename="include/MK51DZ10.h" />
		<Unit filename="include/MK52D10.h" />
		<Unit filename="include/MK52DZ10.h" />
		<Unit filename="include/MK53D10.h" />
		<Unit filename="include/MK53DZ10.h" />
		<Unit filename="include/MK60D10.h" />
		<Unit filename="include/MK60DZ10.h" />
		<Unit filename="include/MK60F12.h" />
		<Unit filename="include/MK60F15.h" />
		<Unit filename="include/MK61F12.h" />
		<Unit filename="include/MK61F15.h" />
		<Unit filename="include/MK63F12.h" />
		<Unit filename="include/MK63F12WS.h" />
		<Unit filename="include/MK64F12.h" />
		<Unit filename="include/MK65F18WS.h" />
		<Unit filename="include/MK70F12.h" />
		<Unit filename="include/MK70F15.h" />
		<Unit filename="include/MKE02Z2.h" />
		<Unit filename="include/MKE02Z4.h" />
		<Unit filename="include/MKE04Z1284.h" />
		<Unit filename="include/MKE04Z4.h" />
		<Unit filename="include/MKE06Z4.h" />
		<Unit filename="include/MKL02Z4.h" />
		<Unit filename="include/MKL04Z4.h" />
		<Unit filename="include/MKL05Z4.h" />
		<Unit filename="include/MKL14Z4.h" />
		<Unit filename="include/MKL15Z4.h" />
		<Unit filename="include/MKL16Z4.h" />
		<Unit filename="include/MKL24Z4.h" />
		<Unit filename="include/MKL25Z4.h" />
		<Unit filename="include/MKL26Z4.h" />
		<Unit filename="include/MKL34Z4.h" />
		<Unit filename="include/MKL36Z4.h" />
		<Unit filename="include/MKL46Z4.h" />
		<Unit filename="include/MKM13Z5.h" />
		<Unit filename="include/MKM14Z5.h" />
		<Unit filename="include/MKM32Z5.h" />
		<Unit filename="include/MKM33Z5.h" />
		<Unit filename="include/MKM34Z5.h" />
		<Unit filename="include/MKM38Z5.h" />
		<Unit filename="include/MKV10Z7.h" />
		<Unit filename="include/SKEAZ1284.h" />
		<Unit filename="include/SKEAZN642.h" />
		<Unit filename="include/SKEAZN84.h" />
		<Unit filename="include/arm_cm4.h" />
		<Unit filename="include/common.h" />
		<Unit filename="include/mcg.h" />
		<Unit filename="include/mk20dx128.h" />
		<Unit filename="include/start.h" />
		<Unit filename="include/startup.h" />
		<Unit filename="include/sysinit.h" />
		<Unit filename="include/term_io.h" />
		<Unit filename="include/uart.h" />
		<Unit filename="include/wdog.h" />
		<Unit filename="src/main.c">
			<Option compilerVar="CC" />
		</Unit>
		<Extensions>
			<envvars />
			<code_completion />
			<lib_finder disable_auto="1" />
			<debugger />
		</Extensions>
	</Project>
</CodeBlocks_project_file>
